
Microsoft Visual Studio Solution File, Format Version 12.00
# Visual Studio Version 16
VisualStudioVersion = 16.0.32413.511
MinimumVisualStudioVersion = 10.0.40219.1
Project("{FAE04EC0-301F-11D3-BF4B-00C04F79EFBC}") = "KitapListesiProje", "KitapListesiProje\KitapListesiProje.csproj", "{6A38611D-C4CE-41A7-A0A5-3F920AAF7737}"
EndProject
Global
	GlobalSection(SolutionConfigurationPlatforms) = preSolution
		Debug|Any CPU = Debug|Any CPU
		Release|Any CPU = Release|Any CPU
	EndGlobalSection
	GlobalSection(ProjectConfigurationPlatforms) = postSolution
		{6A38611D-C4CE-41A7-A0A5-3F920AAF7737}.Debug|Any CPU.ActiveCfg = Debug|Any CPU
		{6A38611D-C4CE-41A7-A0A5-3F920AAF7737}.Debug|Any CPU.Build.0 = Debug|Any CPU
		{6A38611D-C4CE-41A7-A0A5-3F920AAF7737}.Release|Any CPU.ActiveCfg = Release|Any CPU
		{6A38611D-C4CE-41A7-A0A5-3F920AAF7737}.Release|Any CPU.Build.0 = Release|Any CPU
	EndGlobalSection
	GlobalSection(SolutionProperties) = preSolution
		HideSolutionNode = FALSE
	EndGlobalSection
	GlobalSection(ExtensibilityGlobals) = postSolution
		SolutionGuid = {7F5B9C0B-2803-4498-BFDD-5795F2E6438D}
	EndGlobalSection
EndGlobal
